
Microsoft Visual Studio Solution File, Format Version 12.00
# Visual Studio Version 17
VisualStudioVersion = 17.5.33516.290
MinimumVisualStudioVersion = 10.0.40219.1
Project("{8BC9CEB8-8B4A-11D0-8D11-00A0C91BC942}") = "SumOfN_UseWhile", "SumOfN_UseWhile.vcxproj", "{E53F34C3-F152-43A5-8882-3ED200083B34}"
EndProject
Global
	GlobalSection(SolutionConfigurationPlatforms) = preSolution
		Debug|x64 = Debug|x64
		Debug|x86 = Debug|x86
		Release|x64 = Release|x64
		Release|x86 = Release|x86
	EndGlobalSection
	GlobalSection(ProjectConfigurationPlatforms) = postSolution
		{E53F34C3-F152-43A5-8882-3ED200083B34}.Debug|x64.ActiveCfg = Debug|x64
		{E53F34C3-F152-43A5-8882-3ED200083B34}.Debug|x64.Build.0 = Debug|x64
		{E53F34C3-F152-43A5-8882-3ED200083B34}.Debug|x86.ActiveCfg = Debug|Win32
		{E53F34C3-F152-43A5-8882-3ED200083B34}.Debug|x86.Build.0 = Debug|Win32
		{E53F34C3-F152-43A5-8882-3ED200083B34}.Release|x64.ActiveCfg = Release|x64
		{E53F34C3-F152-43A5-8882-3ED200083B34}.Release|x64.Build.0 = Release|x64
		{E53F34C3-F152-43A5-8882-3ED200083B34}.Release|x86.ActiveCfg = Release|Win32
		{E53F34C3-F152-43A5-8882-3ED200083B34}.Release|x86.Build.0 = Release|Win32
	EndGlobalSection
	GlobalSection(SolutionProperties) = preSolution
		HideSolutionNode = FALSE
	EndGlobalSection
	GlobalSection(ExtensibilityGlobals) = postSolution
		SolutionGuid = {E4C3D570-F538-4C1D-8E56-C9AEE91B86D7}
	EndGlobalSection
EndGlobal
