
Microsoft Visual Studio Solution File, Format Version 12.00
# Visual Studio Version 17
VisualStudioVersion = 17.5.33516.290
MinimumVisualStudioVersion = 10.0.40219.1
Project("{8BC9CEB8-8B4A-11D0-8D11-00A0C91BC942}") = "EightQueen_Resolve", "EightQueen_Resolve.vcxproj", "{29C633E7-C4C1-4AF1-B262-B2EF6970E0ED}"
EndProject
Global
	GlobalSection(SolutionConfigurationPlatforms) = preSolution
		Debug|x64 = Debug|x64
		Debug|x86 = Debug|x86
		Release|x64 = Release|x64
		Release|x86 = Release|x86
	EndGlobalSection
	GlobalSection(ProjectConfigurationPlatforms) = postSolution
		{29C633E7-C4C1-4AF1-B262-B2EF6970E0ED}.Debug|x64.ActiveCfg = Debug|x64
		{29C633E7-C4C1-4AF1-B262-B2EF6970E0ED}.Debug|x64.Build.0 = Debug|x64
		{29C633E7-C4C1-4AF1-B262-B2EF6970E0ED}.Debug|x86.ActiveCfg = Debug|Win32
		{29C633E7-C4C1-4AF1-B262-B2EF6970E0ED}.Debug|x86.Build.0 = Debug|Win32
		{29C633E7-C4C1-4AF1-B262-B2EF6970E0ED}.Release|x64.ActiveCfg = Release|x64
		{29C633E7-C4C1-4AF1-B262-B2EF6970E0ED}.Release|x64.Build.0 = Release|x64
		{29C633E7-C4C1-4AF1-B262-B2EF6970E0ED}.Release|x86.ActiveCfg = Release|Win32
		{29C633E7-C4C1-4AF1-B262-B2EF6970E0ED}.Release|x86.Build.0 = Release|Win32
	EndGlobalSection
	GlobalSection(SolutionProperties) = preSolution
		HideSolutionNode = FALSE
	EndGlobalSection
	GlobalSection(ExtensibilityGlobals) = postSolution
		SolutionGuid = {8FF50AF8-DF66-4666-94BC-57A40DBCE295}
	EndGlobalSection
EndGlobal
